
Microsoft Visual Studio Solution File, Format Version 12.00
# Visual Studio Version 17
VisualStudioVersion = 17.8.34511.84
MinimumVisualStudioVersion = 10.0.40219.1
Project("{FAE04EC0-301F-11D3-BF4B-00C04F79EFBC}") = "ChatGPTAPI", "ChatGPTAPI\ChatGPTAPI.csproj", "{ECBAC9A0-349A-42FE-AD42-798C34E24378}"
EndProject
Global
	GlobalSection(SolutionConfigurationPlatforms) = preSolution
		Debug|Any CPU = Debug|Any CPU
		Release|Any CPU = Release|Any CPU
	EndGlobalSection
	GlobalSection(ProjectConfigurationPlatforms) = postSolution
		{ECBAC9A0-349A-42FE-AD42-798C34E24378}.Debug|Any CPU.ActiveCfg = Debug|Any CPU
		{ECBAC9A0-349A-42FE-AD42-798C34E24378}.Debug|Any CPU.Build.0 = Debug|Any CPU
		{ECBAC9A0-349A-42FE-AD42-798C34E24378}.Release|Any CPU.ActiveCfg = Release|Any CPU
		{ECBAC9A0-349A-42FE-AD42-798C34E24378}.Release|Any CPU.Build.0 = Release|Any CPU
	EndGlobalSection
	GlobalSection(SolutionProperties) = preSolution
		HideSolutionNode = FALSE
	EndGlobalSection
	GlobalSection(ExtensibilityGlobals) = postSolution
		SolutionGuid = {C6DBED07-15CE-435F-8261-B794820800BA}
	EndGlobalSection
EndGlobal
